
Microsoft Visual Studio Solution File, Format Version 12.00
# Visual Studio 15
VisualStudioVersion = 15.0.28010.2048
MinimumVisualStudioVersion = 10.0.40219.1
Project("{FAE04EC0-301F-11D3-BF4B-00C04F79EFBC}") = "USS_Toonder3", "USS_Toonder3\USS_Toonder3.csproj", "{EE2397B9-6CBA-4F0E-BAB5-F1FFBD50DA43}"
EndProject
Global
	GlobalSection(SolutionConfigurationPlatforms) = preSolution
		Debug|Any CPU = Debug|Any CPU
		Release|Any CPU = Release|Any CPU
	EndGlobalSection
	GlobalSection(ProjectConfigurationPlatforms) = postSolution
		{EE2397B9-6CBA-4F0E-BAB5-F1FFBD50DA43}.Debug|Any CPU.ActiveCfg = Debug|Any CPU
		{EE2397B9-6CBA-4F0E-BAB5-F1FFBD50DA43}.Debug|Any CPU.Build.0 = Debug|Any CPU
		{EE2397B9-6CBA-4F0E-BAB5-F1FFBD50DA43}.Release|Any CPU.ActiveCfg = Release|Any CPU
		{EE2397B9-6CBA-4F0E-BAB5-F1FFBD50DA43}.Release|Any CPU.Build.0 = Release|Any CPU
	EndGlobalSection
	GlobalSection(SolutionProperties) = preSolution
		HideSolutionNode = FALSE
	EndGlobalSection
	GlobalSection(ExtensibilityGlobals) = postSolution
		SolutionGuid = {CED200A3-0946-4357-84A7-CB0684133871}
	EndGlobalSection
EndGlobal
